
Microsoft Visual Studio Solution File, Format Version 12.00
Project("{FAE04EC0-301F-11D3-BF4B-00C04F79EFBC}") = "NexaLibery-Backend.API", "NexaLibery-Backend.API\NexaLibery-Backend.API.csproj", "{D811C93A-218E-429E-89C4-5D25212F18D4}"
EndProject
Global
	GlobalSection(SolutionConfigurationPlatforms) = preSolution
		Debug|Any CPU = Debug|Any CPU
		Release|Any CPU = Release|Any CPU
	EndGlobalSection
	GlobalSection(ProjectConfigurationPlatforms) = postSolution
		{D811C93A-218E-429E-89C4-5D25212F18D4}.Debug|Any CPU.ActiveCfg = Debug|Any CPU
		{D811C93A-218E-429E-89C4-5D25212F18D4}.Debug|Any CPU.Build.0 = Debug|Any CPU
		{D811C93A-218E-429E-89C4-5D25212F18D4}.Release|Any CPU.ActiveCfg = Release|Any CPU
		{D811C93A-218E-429E-89C4-5D25212F18D4}.Release|Any CPU.Build.0 = Release|Any CPU
	EndGlobalSection
EndGlobal
